
Microsoft Visual Studio Solution File, Format Version 12.00
# Visual Studio 14
VisualStudioVersion = 14.0.25420.1
MinimumVisualStudioVersion = 10.0.40219.1
Project("{FAE04EC0-301F-11D3-BF4B-00C04F79EFBC}") = "OrmBenchmark.Core", "OrmBenchmark.Core\OrmBenchmark.Core.csproj", "{E4018574-EA43-4347-9822-0921AE52AF8B}"
EndProject
Project("{FAE04EC0-301F-11D3-BF4B-00C04F79EFBC}") = "OrmBenchmark.Console", "OrmBenchmark.Console\OrmBenchmark.Console.csproj", "{2B090F8B-4BFD-44B7-B8B7-D180EE919E8C}"
EndProject
Project("{FAE04EC0-301F-11D3-BF4B-00C04F79EFBC}") = "OrmBenchmark.Dapper", "OrmBenchmark.Dapper\OrmBenchmark.Dapper.csproj", "{52BB39F0-D161-4EC0-B223-1EBB0CA48E07}"
EndProject
Project("{FAE04EC0-301F-11D3-BF4B-00C04F79EFBC}") = "OrmBenchmark.PetaPoco", "OrmBenchmark.PetaPoco\OrmBenchmark.PetaPoco.csproj", "{20406817-10AB-47CC-9D6F-C58E33A349D7}"
EndProject
Project("{FAE04EC0-301F-11D3-BF4B-00C04F79EFBC}") = "OrmBenchmark.OrmToolkit", "OrmBenchmark.OrmToolkit\OrmBenchmark.OrmToolkit.csproj", "{26205493-9B94-4BBE-8A63-30322DC0F001}"
EndProject
Project("{FAE04EC0-301F-11D3-BF4B-00C04F79EFBC}") = "OrmBenchmark.SimpleData", "OrmBenchmark.SimpleData\OrmBenchmark.SimpleData.csproj", "{F2A4A7EF-1372-45C9-9955-B4A98FE869BD}"
EndProject
Project("{FAE04EC0-301F-11D3-BF4B-00C04F79EFBC}") = "OrmBenchmark.Ado", "OrmBenchmark.Ado\OrmBenchmark.Ado.csproj", "{C06EEBA4-C0E4-4D6A-B6C7-8A5BC03C9079}"
EndProject
Project("{2150E333-8FDC-42A3-9474-1A3956D46DE8}") = "Solution Items", "Solution Items", "{3B316F5D-5AB3-48AD-8CD1-7948C5C5C416}"
	ProjectSection(SolutionItems) = preProject
		README.md = README.md
	EndProjectSection
EndProject
Project("{FAE04EC0-301F-11D3-BF4B-00C04F79EFBC}") = "OrmBenchmark.EntityFramework", "OrmBenchmark.EntityFramework\OrmBenchmark.EntityFramework.csproj", "{2BA7706F-362E-4A68-901C-F9E9BEED49BF}"
EndProject
Project("{FAE04EC0-301F-11D3-BF4B-00C04F79EFBC}") = "OrmBenchmark.InsightDatabase", "OrmBenchmark.Insight.Database\OrmBenchmark.InsightDatabase.csproj", "{C8F13BED-45B9-4D97-A1AE-FDC265CA13C1}"
EndProject
Global
	GlobalSection(SolutionConfigurationPlatforms) = preSolution
		Debug|Any CPU = Debug|Any CPU
		Debug|x64 = Debug|x64
		Debug|x86 = Debug|x86
		Release|Any CPU = Release|Any CPU
		Release|x64 = Release|x64
		Release|x86 = Release|x86
	EndGlobalSection
	GlobalSection(ProjectConfigurationPlatforms) = postSolution
		{E4018574-EA43-4347-9822-0921AE52AF8B}.Debug|Any CPU.ActiveCfg = Debug|Any CPU
		{E4018574-EA43-4347-9822-0921AE52AF8B}.Debug|Any CPU.Build.0 = Debug|Any CPU
		{E4018574-EA43-4347-9822-0921AE52AF8B}.Debug|x64.ActiveCfg = Debug|Any CPU
		{E4018574-EA43-4347-9822-0921AE52AF8B}.Debug|x64.Build.0 = Debug|Any CPU
		{E4018574-EA43-4347-9822-0921AE52AF8B}.Debug|x86.ActiveCfg = Debug|Any CPU
		{E4018574-EA43-4347-9822-0921AE52AF8B}.Debug|x86.Build.0 = Debug|Any CPU
		{E4018574-EA43-4347-9822-0921AE52AF8B}.Release|Any CPU.ActiveCfg = Release|Any CPU
		{E4018574-EA43-4347-9822-0921AE52AF8B}.Release|Any CPU.Build.0 = Release|Any CPU
		{E4018574-EA43-4347-9822-0921AE52AF8B}.Release|x64.ActiveCfg = Release|Any CPU
		{E4018574-EA43-4347-9822-0921AE52AF8B}.Release|x64.Build.0 = Release|Any CPU
		{E4018574-EA43-4347-9822-0921AE52AF8B}.Release|x86.ActiveCfg = Release|Any CPU
		{E4018574-EA43-4347-9822-0921AE52AF8B}.Release|x86.Build.0 = Release|Any CPU
		{2B090F8B-4BFD-44B7-B8B7-D180EE919E8C}.Debug|Any CPU.ActiveCfg = Debug|Any CPU
		{2B090F8B-4BFD-44B7-B8B7-D180EE919E8C}.Debug|Any CPU.Build.0 = Debug|Any CPU
		{2B090F8B-4BFD-44B7-B8B7-D180EE919E8C}.Debug|x64.ActiveCfg = Debug|Any CPU
		{2B090F8B-4BFD-44B7-B8B7-D180EE919E8C}.Debug|x64.Build.0 = Debug|Any CPU
		{2B090F8B-4BFD-44B7-B8B7-D180EE919E8C}.Debug|x86.ActiveCfg = Debug|Any CPU
		{2B090F8B-4BFD-44B7-B8B7-D180EE919E8C}.Debug|x86.Build.0 = Debug|Any CPU
		{2B090F8B-4BFD-44B7-B8B7-D180EE919E8C}.Release|Any CPU.ActiveCfg = Release|Any CPU
		{2B090F8B-4BFD-44B7-B8B7-D180EE919E8C}.Release|Any CPU.Build.0 = Release|Any CPU
		{2B090F8B-4BFD-44B7-B8B7-D180EE919E8C}.Release|x64.ActiveCfg = Release|Any CPU
		{2B090F8B-4BFD-44B7-B8B7-D180EE919E8C}.Release|x64.Build.0 = Release|Any CPU
		{2B090F8B-4BFD-44B7-B8B7-D180EE919E8C}.Release|x86.ActiveCfg = Release|Any CPU
		{2B090F8B-4BFD-44B7-B8B7-D180EE919E8C}.Release|x86.Build.0 = Release|Any CPU
		{52BB39F0-D161-4EC0-B223-1EBB0CA48E07}.Debug|Any CPU.ActiveCfg = Debug|Any CPU
		{52BB39F0-D161-4EC0-B223-1EBB0CA48E07}.Debug|Any CPU.Build.0 = Debug|Any CPU
		{52BB39F0-D161-4EC0-B223-1EBB0CA48E07}.Debug|x64.ActiveCfg = Debug|Any CPU
		{52BB39F0-D161-4EC0-B223-1EBB0CA48E07}.Debug|x64.Build.0 = Debug|Any CPU
		{52BB39F0-D161-4EC0-B223-1EBB0CA48E07}.Debug|x86.ActiveCfg = Debug|Any CPU
		{52BB39F0-D161-4EC0-B223-1EBB0CA48E07}.Debug|x86.Build.0 = Debug|Any CPU
		{52BB39F0-D161-4EC0-B223-1EBB0CA48E07}.Release|Any CPU.ActiveCfg = Release|Any CPU
		{52BB39F0-D161-4EC0-B223-1EBB0CA48E07}.Release|Any CPU.Build.0 = Release|Any CPU
		{52BB39F0-D161-4EC0-B223-1EBB0CA48E07}.Release|x64.ActiveCfg = Release|Any CPU
		{52BB39F0-D161-4EC0-B223-1EBB0CA48E07}.Release|x64.Build.0 = Release|Any CPU
		{52BB39F0-D161-4EC0-B223-1EBB0CA48E07}.Release|x86.ActiveCfg = Release|Any CPU
		{52BB39F0-D161-4EC0-B223-1EBB0CA48E07}.Release|x86.Build.0 = Release|Any CPU
		{20406817-10AB-47CC-9D6F-C58E33A349D7}.Debug|Any CPU.ActiveCfg = Debug|Any CPU
		{20406817-10AB-47CC-9D6F-C58E33A349D7}.Debug|Any CPU.Build.0 = Debug|Any CPU
		{20406817-10AB-47CC-9D6F-C58E33A349D7}.Debug|x64.ActiveCfg = Debug|Any CPU
		{20406817-10AB-47CC-9D6F-C58E33A349D7}.Debug|x64.Build.0 = Debug|Any CPU
		{20406817-10AB-47CC-9D6F-C58E33A349D7}.Debug|x86.ActiveCfg = Debug|Any CPU
		{20406817-10AB-47CC-9D6F-C58E33A349D7}.Debug|x86.Build.0 = Debug|Any CPU
		{20406817-10AB-47CC-9D6F-C58E33A349D7}.Release|Any CPU.ActiveCfg = Release|Any CPU
		{20406817-10AB-47CC-9D6F-C58E33A349D7}.Release|Any CPU.Build.0 = Release|Any CPU
		{20406817-10AB-47CC-9D6F-C58E33A349D7}.Release|x64.ActiveCfg = Release|Any CPU
		{20406817-10AB-47CC-9D6F-C58E33A349D7}.Release|x64.Build.0 = Release|Any CPU
		{20406817-10AB-47CC-9D6F-C58E33A349D7}.Release|x86.ActiveCfg = Release|Any CPU
		{20406817-10AB-47CC-9D6F-C58E33A349D7}.Release|x86.Build.0 = Release|Any CPU
		{26205493-9B94-4BBE-8A63-30322DC0F001}.Debug|Any CPU.ActiveCfg = Debug|Any CPU
		{26205493-9B94-4BBE-8A63-30322DC0F001}.Debug|Any CPU.Build.0 = Debug|Any CPU
		{26205493-9B94-4BBE-8A63-30322DC0F001}.Debug|x64.ActiveCfg = Debug|Any CPU
		{26205493-9B94-4BBE-8A63-30322DC0F001}.Debug|x64.Build.0 = Debug|Any CPU
		{26205493-9B94-4BBE-8A63-30322DC0F001}.Debug|x86.ActiveCfg = Debug|Any CPU
		{26205493-9B94-4BBE-8A63-30322DC0F001}.Debug|x86.Build.0 = Debug|Any CPU
		{26205493-9B94-4BBE-8A63-30322DC0F001}.Release|Any CPU.ActiveCfg = Release|Any CPU
		{26205493-9B94-4BBE-8A63-30322DC0F001}.Release|Any CPU.Build.0 = Release|Any CPU
		{26205493-9B94-4BBE-8A63-30322DC0F001}.Release|x64.ActiveCfg = Release|Any CPU
		{26205493-9B94-4BBE-8A63-30322DC0F001}.Release|x64.Build.0 = Release|Any CPU
		{26205493-9B94-4BBE-8A63-30322DC0F001}.Release|x86.ActiveCfg = Release|Any CPU
		{26205493-9B94-4BBE-8A63-30322DC0F001}.Release|x86.Build.0 = Release|Any CPU
		{F2A4A7EF-1372-45C9-9955-B4A98FE869BD}.Debug|Any CPU.ActiveCfg = Debug|Any CPU
		{F2A4A7EF-1372-45C9-9955-B4A98FE869BD}.Debug|Any CPU.Build.0 = Debug|Any CPU
		{F2A4A7EF-1372-45C9-9955-B4A98FE869BD}.Debug|x64.ActiveCfg = Debug|Any CPU
		{F2A4A7EF-1372-45C9-9955-B4A98FE869BD}.Debug|x64.Build.0 = Debug|Any CPU
		{F2A4A7EF-1372-45C9-9955-B4A98FE869BD}.Debug|x86.ActiveCfg = Debug|Any CPU
		{F2A4A7EF-1372-45C9-9955-B4A98FE869BD}.Debug|x86.Build.0 = Debug|Any CPU
		{F2A4A7EF-1372-45C9-9955-B4A98FE869BD}.Release|Any CPU.ActiveCfg = Release|Any CPU
		{F2A4A7EF-1372-45C9-9955-B4A98FE869BD}.Release|Any CPU.Build.0 = Release|Any CPU
		{F2A4A7EF-1372-45C9-9955-B4A98FE869BD}.Release|x64.ActiveCfg = Release|Any CPU
		{F2A4A7EF-1372-45C9-9955-B4A98FE869BD}.Release|x64.Build.0 = Release|Any CPU
		{F2A4A7EF-1372-45C9-9955-B4A98FE869BD}.Release|x86.ActiveCfg = Release|Any CPU
		{F2A4A7EF-1372-45C9-9955-B4A98FE869BD}.Release|x86.Build.0 = Release|Any CPU
		{C06EEBA4-C0E4-4D6A-B6C7-8A5BC03C9079}.Debug|Any CPU.ActiveCfg = Debug|Any CPU
		{C06EEBA4-C0E4-4D6A-B6C7-8A5BC03C9079}.Debug|Any CPU.Build.0 = Debug|Any CPU
		{C06EEBA4-C0E4-4D6A-B6C7-8A5BC03C9079}.Debug|x64.ActiveCfg = Debug|Any CPU
		{C06EEBA4-C0E4-4D6A-B6C7-8A5BC03C9079}.Debug|x64.Build.0 = Debug|Any CPU
		{C06EEBA4-C0E4-4D6A-B6C7-8A5BC03C9079}.Debug|x86.ActiveCfg = Debug|Any CPU
		{C06EEBA4-C0E4-4D6A-B6C7-8A5BC03C9079}.Debug|x86.Build.0 = Debug|Any CPU
		{C06EEBA4-C0E4-4D6A-B6C7-8A5BC03C9079}.Release|Any CPU.ActiveCfg = Release|Any CPU
		{C06EEBA4-C0E4-4D6A-B6C7-8A5BC03C9079}.Release|Any CPU.Build.0 = Release|Any CPU
		{C06EEBA4-C0E4-4D6A-B6C7-8A5BC03C9079}.Release|x64.ActiveCfg = Release|Any CPU
		{C06EEBA4-C0E4-4D6A-B6C7-8A5BC03C9079}.Release|x64.Build.0 = Release|Any CPU
		{C06EEBA4-C0E4-4D6A-B6C7-8A5BC03C9079}.Release|x86.ActiveCfg = Release|Any CPU
		{C06EEBA4-C0E4-4D6A-B6C7-8A5BC03C9079}.Release|x86.Build.0 = Release|Any CPU
		{2BA7706F-362E-4A68-901C-F9E9BEED49BF}.Debug|Any CPU.ActiveCfg = Debug|Any CPU
		{2BA7706F-362E-4A68-901C-F9E9BEED49BF}.Debug|Any CPU.Build.0 = Debug|Any CPU
		{2BA7706F-362E-4A68-901C-F9E9BEED49BF}.Debug|x64.ActiveCfg = Debug|Any CPU
		{2BA7706F-362E-4A68-901C-F9E9BEED49BF}.Debug|x64.Build.0 = Debug|Any CPU
		{2BA7706F-362E-4A68-901C-F9E9BEED49BF}.Debug|x86.ActiveCfg = Debug|Any CPU
		{2BA7706F-362E-4A68-901C-F9E9BEED49BF}.Debug|x86.Build.0 = Debug|Any CPU
		{2BA7706F-362E-4A68-901C-F9E9BEED49BF}.Release|Any CPU.ActiveCfg = Release|Any CPU
		{2BA7706F-362E-4A68-901C-F9E9BEED49BF}.Release|Any CPU.Build.0 = Release|Any CPU
		{2BA7706F-362E-4A68-901C-F9E9BEED49BF}.Release|x64.ActiveCfg = Release|Any CPU
		{2BA7706F-362E-4A68-901C-F9E9BEED49BF}.Release|x64.Build.0 = Release|Any CPU
		{2BA7706F-362E-4A68-901C-F9E9BEED49BF}.Release|x86.ActiveCfg = Release|Any CPU
		{2BA7706F-362E-4A68-901C-F9E9BEED49BF}.Release|x86.Build.0 = Release|Any CPU
		{C8F13BED-45B9-4D97-A1AE-FDC265CA13C1}.Debug|Any CPU.ActiveCfg = Debug|Any CPU
		{C8F13BED-45B9-4D97-A1AE-FDC265CA13C1}.Debug|Any CPU.Build.0 = Debug|Any CPU
		{C8F13BED-45B9-4D97-A1AE-FDC265CA13C1}.Debug|x64.ActiveCfg = Debug|Any CPU
		{C8F13BED-45B9-4D97-A1AE-FDC265CA13C1}.Debug|x64.Build.0 = Debug|Any CPU
		{C8F13BED-45B9-4D97-A1AE-FDC265CA13C1}.Debug|x86.ActiveCfg = Debug|Any CPU
		{C8F13BED-45B9-4D97-A1AE-FDC265CA13C1}.Debug|x86.Build.0 = Debug|Any CPU
		{C8F13BED-45B9-4D97-A1AE-FDC265CA13C1}.Release|Any CPU.ActiveCfg = Release|Any CPU
		{C8F13BED-45B9-4D97-A1AE-FDC265CA13C1}.Release|Any CPU.Build.0 = Release|Any CPU
		{C8F13BED-45B9-4D97-A1AE-FDC265CA13C1}.Release|x64.ActiveCfg = Release|Any CPU
		{C8F13BED-45B9-4D97-A1AE-FDC265CA13C1}.Release|x64.Build.0 = Release|Any CPU
		{C8F13BED-45B9-4D97-A1AE-FDC265CA13C1}.Release|x86.ActiveCfg = Release|Any CPU
		{C8F13BED-45B9-4D97-A1AE-FDC265CA13C1}.Release|x86.Build.0 = Release|Any CPU
	EndGlobalSection
	GlobalSection(SolutionProperties) = preSolution
		HideSolutionNode = FALSE
	EndGlobalSection
	GlobalSection(ExtensibilityGlobals) = postSolution
		SolutionGuid = {20894AAD-CC66-4D98-B8E9-3AB4D6BE3A5E}
	EndGlobalSection
EndGlobal
