
Microsoft Visual Studio Solution File, Format Version 12.00
# Visual Studio 15
VisualStudioVersion = 15.0.27004.2009
MinimumVisualStudioVersion = 10.0.40219.1
Project("{FAE04EC0-301F-11D3-BF4B-00C04F79EFBC}") = "OrmBenchmark.Console", "OrmBenchmark.Console\OrmBenchmark.Console.csproj", "{2B090F8B-4BFD-44B7-B8B7-D180EE919E8C}"
EndProject
Project("{2150E333-8FDC-42A3-9474-1A3956D46DE8}") = "Solution Items", "Solution Items", "{3B316F5D-5AB3-48AD-8CD1-7948C5C5C416}"
	ProjectSection(SolutionItems) = preProject
		README.md = README.md
	EndProjectSection
EndProject
Project("{9A19103F-16F7-4668-BE54-9A1E7A4F7556}") = "OrmBenchmark.Console.NetCore", "OrmBenchmark.Console.NetCore\OrmBenchmark.Console.NetCore.csproj", "{F789C5DC-76CB-49E5-BB8E-28DD99C2050F}"
EndProject
Project("{9A19103F-16F7-4668-BE54-9A1E7A4F7556}") = "OrmBenchmark.Core", "OrmBenchmark.Core\OrmBenchmark.Core.csproj", "{BF582E10-662A-48F8-A52A-07FD5E9E14D9}"
EndProject
Project("{9A19103F-16F7-4668-BE54-9A1E7A4F7556}") = "OrmBenchmark.Ado", "OrmBenchmark.Ado\OrmBenchmark.Ado.csproj", "{92D3DDBF-22DF-4984-BF82-8F26BF837F58}"
EndProject
Project("{9A19103F-16F7-4668-BE54-9A1E7A4F7556}") = "OrmBenchmark.Dapper", "OrmBenchmark.Dapper\OrmBenchmark.Dapper.csproj", "{6FEF3E25-BBA1-4915-AAFB-66FF9C00E478}"
EndProject
Project("{9A19103F-16F7-4668-BE54-9A1E7A4F7556}") = "OrmBenchmark.EntityFramework", "OrmBenchmark.EntityFramework\OrmBenchmark.EntityFramework.csproj", "{E08C4E3B-0689-4B6B-83A7-51FD7A722815}"
EndProject
Project("{9A19103F-16F7-4668-BE54-9A1E7A4F7556}") = "OrmBenchmark.InsightDatabase", "OrmBenchmark.InsightDatabase\OrmBenchmark.InsightDatabase.csproj", "{8125A383-320A-4F37-8518-8B0712CA8D31}"
EndProject
Project("{9A19103F-16F7-4668-BE54-9A1E7A4F7556}") = "OrmBenchmark.OrmLite", "OrmBenchmark.OrmLite\OrmBenchmark.OrmLite.csproj", "{C74719FE-6E81-4591-B2BC-CC1CFECC9722}"
EndProject
Project("{9A19103F-16F7-4668-BE54-9A1E7A4F7556}") = "OrmBenchmark.OrmToolkit", "OrmBenchmark.OrmToolkit\OrmBenchmark.OrmToolkit.csproj", "{FA61681E-96FC-412F-A024-ECC7478AFDEB}"
EndProject
Project("{9A19103F-16F7-4668-BE54-9A1E7A4F7556}") = "OrmBenchmark.PetaPoco", "OrmBenchmark.PetaPoco\OrmBenchmark.PetaPoco.csproj", "{288636F3-963C-4A6C-8ABF-99F99F4E1CA1}"
EndProject
Project("{9A19103F-16F7-4668-BE54-9A1E7A4F7556}") = "OrmBenchmark.SimpleData", "OrmBenchmark.SimpleData\OrmBenchmark.SimpleData.csproj", "{E66CB3BA-31D3-4C1A-863F-697FCF24B401}"
EndProject
Global
	GlobalSection(SolutionConfigurationPlatforms) = preSolution
		Debug|Any CPU = Debug|Any CPU
		Debug|x64 = Debug|x64
		Debug|x86 = Debug|x86
		Release|Any CPU = Release|Any CPU
		Release|x64 = Release|x64
		Release|x86 = Release|x86
	EndGlobalSection
	GlobalSection(ProjectConfigurationPlatforms) = postSolution
		{2B090F8B-4BFD-44B7-B8B7-D180EE919E8C}.Debug|Any CPU.ActiveCfg = Debug|Any CPU
		{2B090F8B-4BFD-44B7-B8B7-D180EE919E8C}.Debug|Any CPU.Build.0 = Debug|Any CPU
		{2B090F8B-4BFD-44B7-B8B7-D180EE919E8C}.Debug|x64.ActiveCfg = Debug|Any CPU
		{2B090F8B-4BFD-44B7-B8B7-D180EE919E8C}.Debug|x64.Build.0 = Debug|Any CPU
		{2B090F8B-4BFD-44B7-B8B7-D180EE919E8C}.Debug|x86.ActiveCfg = Debug|Any CPU
		{2B090F8B-4BFD-44B7-B8B7-D180EE919E8C}.Debug|x86.Build.0 = Debug|Any CPU
		{2B090F8B-4BFD-44B7-B8B7-D180EE919E8C}.Release|Any CPU.ActiveCfg = Release|Any CPU
		{2B090F8B-4BFD-44B7-B8B7-D180EE919E8C}.Release|Any CPU.Build.0 = Release|Any CPU
		{2B090F8B-4BFD-44B7-B8B7-D180EE919E8C}.Release|x64.ActiveCfg = Release|Any CPU
		{2B090F8B-4BFD-44B7-B8B7-D180EE919E8C}.Release|x64.Build.0 = Release|Any CPU
		{2B090F8B-4BFD-44B7-B8B7-D180EE919E8C}.Release|x86.ActiveCfg = Release|Any CPU
		{2B090F8B-4BFD-44B7-B8B7-D180EE919E8C}.Release|x86.Build.0 = Release|Any CPU
		{F789C5DC-76CB-49E5-BB8E-28DD99C2050F}.Debug|Any CPU.ActiveCfg = Debug|Any CPU
		{F789C5DC-76CB-49E5-BB8E-28DD99C2050F}.Debug|Any CPU.Build.0 = Debug|Any CPU
		{F789C5DC-76CB-49E5-BB8E-28DD99C2050F}.Debug|x64.ActiveCfg = Debug|Any CPU
		{F789C5DC-76CB-49E5-BB8E-28DD99C2050F}.Debug|x64.Build.0 = Debug|Any CPU
		{F789C5DC-76CB-49E5-BB8E-28DD99C2050F}.Debug|x86.ActiveCfg = Debug|Any CPU
		{F789C5DC-76CB-49E5-BB8E-28DD99C2050F}.Debug|x86.Build.0 = Debug|Any CPU
		{F789C5DC-76CB-49E5-BB8E-28DD99C2050F}.Release|Any CPU.ActiveCfg = Release|Any CPU
		{F789C5DC-76CB-49E5-BB8E-28DD99C2050F}.Release|Any CPU.Build.0 = Release|Any CPU
		{F789C5DC-76CB-49E5-BB8E-28DD99C2050F}.Release|x64.ActiveCfg = Release|Any CPU
		{F789C5DC-76CB-49E5-BB8E-28DD99C2050F}.Release|x64.Build.0 = Release|Any CPU
		{F789C5DC-76CB-49E5-BB8E-28DD99C2050F}.Release|x86.ActiveCfg = Release|Any CPU
		{F789C5DC-76CB-49E5-BB8E-28DD99C2050F}.Release|x86.Build.0 = Release|Any CPU
		{BF582E10-662A-48F8-A52A-07FD5E9E14D9}.Debug|Any CPU.ActiveCfg = Debug|Any CPU
		{BF582E10-662A-48F8-A52A-07FD5E9E14D9}.Debug|Any CPU.Build.0 = Debug|Any CPU
		{BF582E10-662A-48F8-A52A-07FD5E9E14D9}.Debug|x64.ActiveCfg = Debug|Any CPU
		{BF582E10-662A-48F8-A52A-07FD5E9E14D9}.Debug|x64.Build.0 = Debug|Any CPU
		{BF582E10-662A-48F8-A52A-07FD5E9E14D9}.Debug|x86.ActiveCfg = Debug|Any CPU
		{BF582E10-662A-48F8-A52A-07FD5E9E14D9}.Debug|x86.Build.0 = Debug|Any CPU
		{BF582E10-662A-48F8-A52A-07FD5E9E14D9}.Release|Any CPU.ActiveCfg = Release|Any CPU
		{BF582E10-662A-48F8-A52A-07FD5E9E14D9}.Release|Any CPU.Build.0 = Release|Any CPU
		{BF582E10-662A-48F8-A52A-07FD5E9E14D9}.Release|x64.ActiveCfg = Release|Any CPU
		{BF582E10-662A-48F8-A52A-07FD5E9E14D9}.Release|x64.Build.0 = Release|Any CPU
		{BF582E10-662A-48F8-A52A-07FD5E9E14D9}.Release|x86.ActiveCfg = Release|Any CPU
		{BF582E10-662A-48F8-A52A-07FD5E9E14D9}.Release|x86.Build.0 = Release|Any CPU
		{92D3DDBF-22DF-4984-BF82-8F26BF837F58}.Debug|Any CPU.ActiveCfg = Debug|Any CPU
		{92D3DDBF-22DF-4984-BF82-8F26BF837F58}.Debug|Any CPU.Build.0 = Debug|Any CPU
		{92D3DDBF-22DF-4984-BF82-8F26BF837F58}.Debug|x64.ActiveCfg = Debug|Any CPU
		{92D3DDBF-22DF-4984-BF82-8F26BF837F58}.Debug|x64.Build.0 = Debug|Any CPU
		{92D3DDBF-22DF-4984-BF82-8F26BF837F58}.Debug|x86.ActiveCfg = Debug|Any CPU
		{92D3DDBF-22DF-4984-BF82-8F26BF837F58}.Debug|x86.Build.0 = Debug|Any CPU
		{92D3DDBF-22DF-4984-BF82-8F26BF837F58}.Release|Any CPU.ActiveCfg = Release|Any CPU
		{92D3DDBF-22DF-4984-BF82-8F26BF837F58}.Release|Any CPU.Build.0 = Release|Any CPU
		{92D3DDBF-22DF-4984-BF82-8F26BF837F58}.Release|x64.ActiveCfg = Release|Any CPU
		{92D3DDBF-22DF-4984-BF82-8F26BF837F58}.Release|x64.Build.0 = Release|Any CPU
		{92D3DDBF-22DF-4984-BF82-8F26BF837F58}.Release|x86.ActiveCfg = Release|Any CPU
		{92D3DDBF-22DF-4984-BF82-8F26BF837F58}.Release|x86.Build.0 = Release|Any CPU
		{6FEF3E25-BBA1-4915-AAFB-66FF9C00E478}.Debug|Any CPU.ActiveCfg = Debug|Any CPU
		{6FEF3E25-BBA1-4915-AAFB-66FF9C00E478}.Debug|Any CPU.Build.0 = Debug|Any CPU
		{6FEF3E25-BBA1-4915-AAFB-66FF9C00E478}.Debug|x64.ActiveCfg = Debug|Any CPU
		{6FEF3E25-BBA1-4915-AAFB-66FF9C00E478}.Debug|x64.Build.0 = Debug|Any CPU
		{6FEF3E25-BBA1-4915-AAFB-66FF9C00E478}.Debug|x86.ActiveCfg = Debug|Any CPU
		{6FEF3E25-BBA1-4915-AAFB-66FF9C00E478}.Debug|x86.Build.0 = Debug|Any CPU
		{6FEF3E25-BBA1-4915-AAFB-66FF9C00E478}.Release|Any CPU.ActiveCfg = Release|Any CPU
		{6FEF3E25-BBA1-4915-AAFB-66FF9C00E478}.Release|Any CPU.Build.0 = Release|Any CPU
		{6FEF3E25-BBA1-4915-AAFB-66FF9C00E478}.Release|x64.ActiveCfg = Release|Any CPU
		{6FEF3E25-BBA1-4915-AAFB-66FF9C00E478}.Release|x64.Build.0 = Release|Any CPU
		{6FEF3E25-BBA1-4915-AAFB-66FF9C00E478}.Release|x86.ActiveCfg = Release|Any CPU
		{6FEF3E25-BBA1-4915-AAFB-66FF9C00E478}.Release|x86.Build.0 = Release|Any CPU
		{E08C4E3B-0689-4B6B-83A7-51FD7A722815}.Debug|Any CPU.ActiveCfg = Debug|Any CPU
		{E08C4E3B-0689-4B6B-83A7-51FD7A722815}.Debug|Any CPU.Build.0 = Debug|Any CPU
		{E08C4E3B-0689-4B6B-83A7-51FD7A722815}.Debug|x64.ActiveCfg = Debug|Any CPU
		{E08C4E3B-0689-4B6B-83A7-51FD7A722815}.Debug|x64.Build.0 = Debug|Any CPU
		{E08C4E3B-0689-4B6B-83A7-51FD7A722815}.Debug|x86.ActiveCfg = Debug|Any CPU
		{E08C4E3B-0689-4B6B-83A7-51FD7A722815}.Debug|x86.Build.0 = Debug|Any CPU
		{E08C4E3B-0689-4B6B-83A7-51FD7A722815}.Release|Any CPU.ActiveCfg = Release|Any CPU
		{E08C4E3B-0689-4B6B-83A7-51FD7A722815}.Release|Any CPU.Build.0 = Release|Any CPU
		{E08C4E3B-0689-4B6B-83A7-51FD7A722815}.Release|x64.ActiveCfg = Release|Any CPU
		{E08C4E3B-0689-4B6B-83A7-51FD7A722815}.Release|x64.Build.0 = Release|Any CPU
		{E08C4E3B-0689-4B6B-83A7-51FD7A722815}.Release|x86.ActiveCfg = Release|Any CPU
		{E08C4E3B-0689-4B6B-83A7-51FD7A722815}.Release|x86.Build.0 = Release|Any CPU
		{8125A383-320A-4F37-8518-8B0712CA8D31}.Debug|Any CPU.ActiveCfg = Debug|Any CPU
		{8125A383-320A-4F37-8518-8B0712CA8D31}.Debug|Any CPU.Build.0 = Debug|Any CPU
		{8125A383-320A-4F37-8518-8B0712CA8D31}.Debug|x64.ActiveCfg = Debug|Any CPU
		{8125A383-320A-4F37-8518-8B0712CA8D31}.Debug|x64.Build.0 = Debug|Any CPU
		{8125A383-320A-4F37-8518-8B0712CA8D31}.Debug|x86.ActiveCfg = Debug|Any CPU
		{8125A383-320A-4F37-8518-8B0712CA8D31}.Debug|x86.Build.0 = Debug|Any CPU
		{8125A383-320A-4F37-8518-8B0712CA8D31}.Release|Any CPU.ActiveCfg = Release|Any CPU
		{8125A383-320A-4F37-8518-8B0712CA8D31}.Release|Any CPU.Build.0 = Release|Any CPU
		{8125A383-320A-4F37-8518-8B0712CA8D31}.Release|x64.ActiveCfg = Release|Any CPU
		{8125A383-320A-4F37-8518-8B0712CA8D31}.Release|x64.Build.0 = Release|Any CPU
		{8125A383-320A-4F37-8518-8B0712CA8D31}.Release|x86.ActiveCfg = Release|Any CPU
		{8125A383-320A-4F37-8518-8B0712CA8D31}.Release|x86.Build.0 = Release|Any CPU
		{C74719FE-6E81-4591-B2BC-CC1CFECC9722}.Debug|Any CPU.ActiveCfg = Debug|Any CPU
		{C74719FE-6E81-4591-B2BC-CC1CFECC9722}.Debug|Any CPU.Build.0 = Debug|Any CPU
		{C74719FE-6E81-4591-B2BC-CC1CFECC9722}.Debug|x64.ActiveCfg = Debug|Any CPU
		{C74719FE-6E81-4591-B2BC-CC1CFECC9722}.Debug|x64.Build.0 = Debug|Any CPU
		{C74719FE-6E81-4591-B2BC-CC1CFECC9722}.Debug|x86.ActiveCfg = Debug|Any CPU
		{C74719FE-6E81-4591-B2BC-CC1CFECC9722}.Debug|x86.Build.0 = Debug|Any CPU
		{C74719FE-6E81-4591-B2BC-CC1CFECC9722}.Release|Any CPU.ActiveCfg = Release|Any CPU
		{C74719FE-6E81-4591-B2BC-CC1CFECC9722}.Release|Any CPU.Build.0 = Release|Any CPU
		{C74719FE-6E81-4591-B2BC-CC1CFECC9722}.Release|x64.ActiveCfg = Release|Any CPU
		{C74719FE-6E81-4591-B2BC-CC1CFECC9722}.Release|x64.Build.0 = Release|Any CPU
		{C74719FE-6E81-4591-B2BC-CC1CFECC9722}.Release|x86.ActiveCfg = Release|Any CPU
		{C74719FE-6E81-4591-B2BC-CC1CFECC9722}.Release|x86.Build.0 = Release|Any CPU
		{FA61681E-96FC-412F-A024-ECC7478AFDEB}.Debug|Any CPU.ActiveCfg = Debug|Any CPU
		{FA61681E-96FC-412F-A024-ECC7478AFDEB}.Debug|Any CPU.Build.0 = Debug|Any CPU
		{FA61681E-96FC-412F-A024-ECC7478AFDEB}.Debug|x64.ActiveCfg = Debug|Any CPU
		{FA61681E-96FC-412F-A024-ECC7478AFDEB}.Debug|x64.Build.0 = Debug|Any CPU
		{FA61681E-96FC-412F-A024-ECC7478AFDEB}.Debug|x86.ActiveCfg = Debug|Any CPU
		{FA61681E-96FC-412F-A024-ECC7478AFDEB}.Debug|x86.Build.0 = Debug|Any CPU
		{FA61681E-96FC-412F-A024-ECC7478AFDEB}.Release|Any CPU.ActiveCfg = Release|Any CPU
		{FA61681E-96FC-412F-A024-ECC7478AFDEB}.Release|Any CPU.Build.0 = Release|Any CPU
		{FA61681E-96FC-412F-A024-ECC7478AFDEB}.Release|x64.ActiveCfg = Release|Any CPU
		{FA61681E-96FC-412F-A024-ECC7478AFDEB}.Release|x64.Build.0 = Release|Any CPU
		{FA61681E-96FC-412F-A024-ECC7478AFDEB}.Release|x86.ActiveCfg = Release|Any CPU
		{FA61681E-96FC-412F-A024-ECC7478AFDEB}.Release|x86.Build.0 = Release|Any CPU
		{288636F3-963C-4A6C-8ABF-99F99F4E1CA1}.Debug|Any CPU.ActiveCfg = Debug|Any CPU
		{288636F3-963C-4A6C-8ABF-99F99F4E1CA1}.Debug|Any CPU.Build.0 = Debug|Any CPU
		{288636F3-963C-4A6C-8ABF-99F99F4E1CA1}.Debug|x64.ActiveCfg = Debug|Any CPU
		{288636F3-963C-4A6C-8ABF-99F99F4E1CA1}.Debug|x64.Build.0 = Debug|Any CPU
		{288636F3-963C-4A6C-8ABF-99F99F4E1CA1}.Debug|x86.ActiveCfg = Debug|Any CPU
		{288636F3-963C-4A6C-8ABF-99F99F4E1CA1}.Debug|x86.Build.0 = Debug|Any CPU
		{288636F3-963C-4A6C-8ABF-99F99F4E1CA1}.Release|Any CPU.ActiveCfg = Release|Any CPU
		{288636F3-963C-4A6C-8ABF-99F99F4E1CA1}.Release|Any CPU.Build.0 = Release|Any CPU
		{288636F3-963C-4A6C-8ABF-99F99F4E1CA1}.Release|x64.ActiveCfg = Release|Any CPU
		{288636F3-963C-4A6C-8ABF-99F99F4E1CA1}.Release|x64.Build.0 = Release|Any CPU
		{288636F3-963C-4A6C-8ABF-99F99F4E1CA1}.Release|x86.ActiveCfg = Release|Any CPU
		{288636F3-963C-4A6C-8ABF-99F99F4E1CA1}.Release|x86.Build.0 = Release|Any CPU
		{E66CB3BA-31D3-4C1A-863F-697FCF24B401}.Debug|Any CPU.ActiveCfg = Debug|Any CPU
		{E66CB3BA-31D3-4C1A-863F-697FCF24B401}.Debug|Any CPU.Build.0 = Debug|Any CPU
		{E66CB3BA-31D3-4C1A-863F-697FCF24B401}.Debug|x64.ActiveCfg = Debug|Any CPU
		{E66CB3BA-31D3-4C1A-863F-697FCF24B401}.Debug|x64.Build.0 = Debug|Any CPU
		{E66CB3BA-31D3-4C1A-863F-697FCF24B401}.Debug|x86.ActiveCfg = Debug|Any CPU
		{E66CB3BA-31D3-4C1A-863F-697FCF24B401}.Debug|x86.Build.0 = Debug|Any CPU
		{E66CB3BA-31D3-4C1A-863F-697FCF24B401}.Release|Any CPU.ActiveCfg = Release|Any CPU
		{E66CB3BA-31D3-4C1A-863F-697FCF24B401}.Release|Any CPU.Build.0 = Release|Any CPU
		{E66CB3BA-31D3-4C1A-863F-697FCF24B401}.Release|x64.ActiveCfg = Release|Any CPU
		{E66CB3BA-31D3-4C1A-863F-697FCF24B401}.Release|x64.Build.0 = Release|Any CPU
		{E66CB3BA-31D3-4C1A-863F-697FCF24B401}.Release|x86.ActiveCfg = Release|Any CPU
		{E66CB3BA-31D3-4C1A-863F-697FCF24B401}.Release|x86.Build.0 = Release|Any CPU
	EndGlobalSection
	GlobalSection(SolutionProperties) = preSolution
		HideSolutionNode = FALSE
	EndGlobalSection
	GlobalSection(ExtensibilityGlobals) = postSolution
		SolutionGuid = {20894AAD-CC66-4D98-B8E9-3AB4D6BE3A5E}
	EndGlobalSection
EndGlobal
